# This file is autogenerated, do not edit; changes may be undone by the next 'dep ensure'.


[[projects]]
  branch = "master"
  digest = "1:021b6ee0253b511427cfc9d4d462a1a78cebe318e7a153303bd22e6c1484edb3"
  name = "github.com/WICG/webpackage"
  packages = [
    "go/signedexchange",
    "go/signedexchange/cbor",
    "go/signedexchange/certurl",
    "go/signedexchange/internal/bigendian",
    "go/signedexchange/internal/signingalgorithm",
    "go/signedexchange/mice",
  ]
  pruneopts = "UT"
  revision = "d8e933ea1991dfc236d0bb69ee886c9ee27d6d15"

[[projects]]
  digest = "1:a2c1d0e43bd3baaa071d1b9ed72c27d78169b2b269f71c105ac4ba34b1be4a39"
  name = "github.com/davecgh/go-spew"
  packages = ["spew"]
  pruneopts = "UT"
  revision = "346938d642f2ec3594ed81d874461961cd0faa76"
  version = "v1.1.0"

[[projects]]
  digest = "1:15042ad3498153684d09f393bbaec6b216c8eec6d61f63dff711de7d64ed8861"
  name = "github.com/golang/protobuf"
  packages = ["proto"]
  pruneopts = "UT"
  revision = "b4deda0973fb4c70b50d226b1af49f3da59f5265"
  version = "v1.1.0"

[[projects]]
  digest = "1:ccfa094742ce1c97fd3f6481e1bf98f3d9862510eee2bc0eb56e2745396bd330"
  name = "github.com/julienschmidt/httprouter"
  packages = ["."]
  pruneopts = "UT"
  revision = "8c199fb6259ffc1af525cc3ad52ee60ba8359669"
  version = "v1.1"

[[projects]]
  digest = "1:7231124c9669dfb54b82ef8b89f2735cf5d5d2529a23c6ac93a8c4b8bbb28b28"
  name = "github.com/pelletier/go-toml"
  packages = ["."]
  pruneopts = "UT"
  revision = "acdc4509485b587f5e675510c4f2c63e90ff68a8"
  version = "v1.1.0"

[[projects]]
  digest = "1:40e195917a951a8bf867cd05de2a46aaf1806c50cf92eebf4c16f78cd196f747"
  name = "github.com/pkg/errors"
  packages = ["."]
  pruneopts = "UT"
  revision = "645ef00459ed84a119197bfb8d8205042c6df63d"
  version = "v0.8.0"

[[projects]]
  digest = "1:0028cb19b2e4c3112225cd871870f2d9cf49b9b4276531f03438a88e94be86fe"
  name = "github.com/pmezard/go-difflib"
  packages = ["difflib"]
  pruneopts = "UT"
  revision = "792786c7400a136282c1664665ae0a8db921c6c2"
  version = "v1.0.0"

[[projects]]
  branch = "master"
  digest = "1:0b67d006d8a1b8034c63c305a32beb7e4bca153f32221368c6942df00bbe5dbb"
  name = "github.com/pquerna/cachecontrol"
  packages = [
    ".",
    "cacheobject",
  ]
  pruneopts = "UT"
  revision = "525d0eb5f91d30e3b1548de401b7ef9ea6898520"

[[projects]]
  digest = "1:ed615c5430ecabbb0fb7629a182da65ecee6523900ac1ac932520860878ffcad"
  name = "github.com/robfig/cron"
  packages = ["."]
  pruneopts = "UT"
  revision = "b41be1df696709bb6395fe435af20370037c0b4c"
  version = "v1.1"

[[projects]]
  digest = "1:f85e109eda8f6080877185d1c39e98dd8795e1780c08beca28304b87fd855a1c"
  name = "github.com/stretchr/testify"
  packages = ["assert"]
  pruneopts = "UT"
  revision = "12b6f73e6084dad08a7c6e575284b177ecafbc71"
  version = "v1.2.1"

[[projects]]
  branch = "master"
  digest = "1:a9508d88987b33aa1933d1bb3516b9d442d2f812bfef5a7e2be7c00c83685255"
  name = "golang.org/x/crypto"
  packages = ["ocsp"]
  pruneopts = "UT"
  revision = "614d502a4dac94afa3a6ce146bd1736da82514c6"

[[projects]]
  branch = "master"
  digest = "1:cc9018972f0ec220424cadedf663d90048bafe045c5c82bbec23fa221cb8cf38"
  name = "golang.org/x/net"
  packages = [
    "html",
    "html/atom",
  ]
  pruneopts = "UT"
  revision = "f9ce57c11b242f0f1599cf25c89d8cb02c45295a"

[solve-meta]
  analyzer-name = "dep"
  analyzer-version = 1
  input-imports = [
    "github.com/WICG/webpackage/go/signedexchange",
    "github.com/WICG/webpackage/go/signedexchange/certurl",
    "github.com/golang/protobuf/proto",
    "github.com/julienschmidt/httprouter",
    "github.com/pelletier/go-toml",
    "github.com/pkg/errors",
    "github.com/pquerna/cachecontrol",
    "github.com/robfig/cron",
    "github.com/stretchr/testify/assert",
    "golang.org/x/net/html",
    "golang.org/x/net/html/atom",
  ]
  solver-name = "gps-cdcl"
  solver-version = 1
