# This file is autogenerated, do not edit; changes may be undone by the next 'dep ensure'.


[[projects]]
  branch = "master"
  name = "github.com/WICG/webpackage"
  packages = [
    "go/signedexchange/cbor",
    "go/signedexchange/certurl",
    "go/signedexchange/mice"
  ]
  revision = "6400cbc3f5f82d9d3f950ac7e37b5948050a8f54"

[[projects]]
  branch = "master"
  name = "github.com/nyaxt/webpackage"
  packages = ["go/signedexchange"]
  revision = "76c6e6987c837c9828dc2903c55f858b23ebd14c"

[[projects]]
  branch = "master"
  name = "github.com/pquerna/cachecontrol"
  packages = [
    ".",
    "cacheobject"
  ]
  revision = "525d0eb5f91d30e3b1548de401b7ef9ea6898520"

[solve-meta]
  analyzer-name = "dep"
  analyzer-version = 1
  inputs-digest = "1f0351b8115630a5b1c5bc23e7ff6a9f26428828f225eebc49b96d2a5f00c7cb"
  solver-name = "gps-cdcl"
  solver-version = 1
